// !$*UTF8*$!
{
	archiveVersion = 1;
	classes = {
	};
	objectVersion = 42;
	objects = {

/* Begin PBXAggregateTarget section */
		000E29F70B39E7C5004EA2DF /* Ogre Samples */ = {
			isa = PBXAggregateTarget;
			buildConfigurationList = 000E2A300B39E7F8004EA2DF /* Build configuration list for PBXAggregateTarget "Ogre Samples" */;
			buildPhases = (
			);
			dependencies = (
				AA8867B70D2BDB1200C08A49 /* PBXTargetDependency */,
				000E2A010B39E7D9004EA2DF /* PBXTargetDependency */,
			);
			name = "Ogre Samples";
			productName = "Ogre Samples";
		};
/* End PBXAggregateTarget section */

/* Begin PBXBuildFile section */
		000E29720B39E19C004EA2DF /* Ogre.framework in Frameworks */ = {isa = PBXBuildFile; fileRef = 000E25230B392BAA004EA2DF /* Ogre.framework */; };
		000E29740B39E1A9004EA2DF /* media.cfg in Resources */ = {isa = PBXBuildFile; fileRef = 000E263E0B393B0A004EA2DF /* media.cfg */; };
		000E29750B39E1A9004EA2DF /* plugins.cfg in Resources */ = {isa = PBXBuildFile; fileRef = 000E263F0B393B0A004EA2DF /* plugins.cfg */; };
		000E29760B39E1A9004EA2DF /* resources.cfg in Resources */ = {isa = PBXBuildFile; fileRef = 000E26400B393B0A004EA2DF /* resources.cfg */; };
		000E297C0B39E1C5004EA2DF /* Terrain.cpp in Sources */ = {isa = PBXBuildFile; fileRef = 000E297B0B39E1C5004EA2DF /* Terrain.cpp */; };
		0053F5460BB5908200328359 /* libOIS.a in Frameworks */ = {isa = PBXBuildFile; fileRef = 0053F52E0BB5908100328359 /* libOIS.a */; };
		AA5FCC4C0D2C3B3E007F8E88 /* IOKit.framework in Frameworks */ = {isa = PBXBuildFile; fileRef = AA5FCC2F0D2C3B3E007F8E88 /* IOKit.framework */; };
		AA8869450D2BDB3500C08A49 /* CEGUI.framework in Frameworks */ = {isa = PBXBuildFile; fileRef = 0062EE270B4ACACE0076F733 /* CEGUI.framework */; };
		AA8869530D2BDBDB00C08A49 /* OgreCEGUIRenderer.h in Headers */ = {isa = PBXBuildFile; fileRef = AA8869500D2BDBDB00C08A49 /* OgreCEGUIRenderer.h */; };
		AA8869540D2BDBDB00C08A49 /* OgreCEGUIResourceProvider.h in Headers */ = {isa = PBXBuildFile; fileRef = AA8869510D2BDBDB00C08A49 /* OgreCEGUIResourceProvider.h */; };
		AA8869550D2BDBDB00C08A49 /* OgreCEGUITexture.h in Headers */ = {isa = PBXBuildFile; fileRef = AA8869520D2BDBDB00C08A49 /* OgreCEGUITexture.h */; };
		AA8869590D2BDBF900C08A49 /* OgreCEGUIRenderer.cpp in Sources */ = {isa = PBXBuildFile; fileRef = AA8869560D2BDBF900C08A49 /* OgreCEGUIRenderer.cpp */; };
		AA88695A0D2BDBF900C08A49 /* OgreCEGUIResourceProvider.cpp in Sources */ = {isa = PBXBuildFile; fileRef = AA8869570D2BDBF900C08A49 /* OgreCEGUIResourceProvider.cpp */; };
		AA88695B0D2BDBF900C08A49 /* OgreCEGUITexture.cpp in Sources */ = {isa = PBXBuildFile; fileRef = AA8869580D2BDBF900C08A49 /* OgreCEGUITexture.cpp */; };
		AA8869840D2BDF3200C08A49 /* Ogre.framework in Frameworks */ = {isa = PBXBuildFile; fileRef = 000E25230B392BAA004EA2DF /* Ogre.framework */; };
/* End PBXBuildFile section */

/* Begin PBXContainerItemProxy section */
		000E2A000B39E7D9004EA2DF /* PBXContainerItemProxy */ = {
			isa = PBXContainerItemProxy;
			containerPortal = 000E24E00B3924F0004EA2DF /* Project object */;
			proxyType = 1;
			remoteGlobalIDString = 000E29680B39E162004EA2DF;
			remoteInfo = Terrain;
		};
		AA8867B60D2BDB1200C08A49 /* PBXContainerItemProxy */ = {
			isa = PBXContainerItemProxy;
			containerPortal = 000E24E00B3924F0004EA2DF /* Project object */;
			proxyType = 1;
			remoteGlobalIDString = AA88679C0D2BDAD800C08A49;
			remoteInfo = OgreCEGUIRenderer;
		};
/* End PBXContainerItemProxy section */

/* Begin PBXFileReference section */
		000E25230B392BAA004EA2DF /* Ogre.framework */ = {isa = PBXFileReference; lastKnownFileType = wrapper.framework; name = Ogre.framework; path = ../Dependencies/Ogre.framework; sourceTree = SOURCE_ROOT; };
		000E25380B392D12004EA2DF /* ExampleApplication.h */ = {isa = PBXFileReference; fileEncoding = 30; lastKnownFileType = sourcecode.c.h; name = ExampleApplication.h; path = include/ExampleApplication.h; sourceTree = SOURCE_ROOT; };
		000E25390B392D12004EA2DF /* ExampleFrameListener.h */ = {isa = PBXFileReference; fileEncoding = 30; lastKnownFileType = sourcecode.c.h; name = ExampleFrameListener.h; path = include/ExampleFrameListener.h; sourceTree = SOURCE_ROOT; };
		000E253A0B392D12004EA2DF /* ExampleLoadingBar.h */ = {isa = PBXFileReference; fileEncoding = 30; lastKnownFileType = sourcecode.c.h; name = ExampleLoadingBar.h; path = include/ExampleLoadingBar.h; sourceTree = SOURCE_ROOT; };
		000E263E0B393B0A004EA2DF /* media.cfg */ = {isa = PBXFileReference; fileEncoding = 30; lastKnownFileType = text; name = media.cfg; path = config/media.cfg; sourceTree = "<group>"; };
		000E263F0B393B0A004EA2DF /* plugins.cfg */ = {isa = PBXFileReference; fileEncoding = 30; lastKnownFileType = text; name = plugins.cfg; path = config/plugins.cfg; sourceTree = "<group>"; };
		000E26400B393B0A004EA2DF /* resources.cfg */ = {isa = PBXFileReference; fileEncoding = 30; lastKnownFileType = text; name = resources.cfg; path = config/resources.cfg; sourceTree = "<group>"; };
		000E29690B39E162004EA2DF /* Terrain.app */ = {isa = PBXFileReference; explicitFileType = wrapper.application; includeInIndex = 0; path = Terrain.app; sourceTree = BUILT_PRODUCTS_DIR; };
		000E296B0B39E162004EA2DF /* Terrain-Info.plist */ = {isa = PBXFileReference; lastKnownFileType = text.xml; name = "Terrain-Info.plist"; path = "plist/Terrain-Info.plist"; sourceTree = "<group>"; };
		000E297A0B39E1B8004EA2DF /* Terrain.h */ = {isa = PBXFileReference; fileEncoding = 30; lastKnownFileType = sourcecode.c.h; name = Terrain.h; path = include/Terrain.h; sourceTree = SOURCE_ROOT; };
		000E297B0B39E1C5004EA2DF /* Terrain.cpp */ = {isa = PBXFileReference; fileEncoding = 30; lastKnownFileType = sourcecode.cpp.cpp; name = Terrain.cpp; path = src/Terrain.cpp; sourceTree = SOURCE_ROOT; };
		000E29870B39E350004EA2DF /* terrain.cfg */ = {isa = PBXFileReference; fileEncoding = 30; lastKnownFileType = text; name = terrain.cfg; path = Media/terrain.cfg; sourceTree = "<group>"; };
		0053F52E0BB5908100328359 /* libOIS.a */ = {isa = PBXFileReference; lastKnownFileType = archive.ar; name = libOIS.a; path = ../Dependencies/lib/Release/libOIS.a; sourceTree = SOURCE_ROOT; };
		0062EE270B4ACACE0076F733 /* CEGUI.framework */ = {isa = PBXFileReference; lastKnownFileType = wrapper.framework; name = CEGUI.framework; path = ../Dependencies/CEGUI.framework; sourceTree = SOURCE_ROOT; };
		AA5FCC2F0D2C3B3E007F8E88 /* IOKit.framework */ = {isa = PBXFileReference; lastKnownFileType = wrapper.framework; name = IOKit.framework; path = /System/Library/Frameworks/IOKit.framework; sourceTree = "<absolute>"; };
		AA88679D0D2BDAD800C08A49 /* OgreCEGUIRenderer.framework */ = {isa = PBXFileReference; explicitFileType = wrapper.framework; includeInIndex = 0; path = OgreCEGUIRenderer.framework; sourceTree = BUILT_PRODUCTS_DIR; };
		AA8869500D2BDBDB00C08A49 /* OgreCEGUIRenderer.h */ = {isa = PBXFileReference; fileEncoding = 30; lastKnownFileType = sourcecode.c.h; name = OgreCEGUIRenderer.h; path = include/OgreCEGUIRenderer.h; sourceTree = SOURCE_ROOT; };
		AA8869510D2BDBDB00C08A49 /* OgreCEGUIResourceProvider.h */ = {isa = PBXFileReference; fileEncoding = 30; lastKnownFileType = sourcecode.c.h; name = OgreCEGUIResourceProvider.h; path = include/OgreCEGUIResourceProvider.h; sourceTree = SOURCE_ROOT; };
		AA8869520D2BDBDB00C08A49 /* OgreCEGUITexture.h */ = {isa = PBXFileReference; fileEncoding = 30; lastKnownFileType = sourcecode.c.h; name = OgreCEGUITexture.h; path = include/OgreCEGUITexture.h; sourceTree = SOURCE_ROOT; };
		AA8869560D2BDBF900C08A49 /* OgreCEGUIRenderer.cpp */ = {isa = PBXFileReference; fileEncoding = 30; lastKnownFileType = sourcecode.cpp.cpp; name = OgreCEGUIRenderer.cpp; path = src/OgreCEGUIRenderer.cpp; sourceTree = SOURCE_ROOT; };
		AA8869570D2BDBF900C08A49 /* OgreCEGUIResourceProvider.cpp */ = {isa = PBXFileReference; fileEncoding = 30; lastKnownFileType = sourcecode.cpp.cpp; name = OgreCEGUIResourceProvider.cpp; path = src/OgreCEGUIResourceProvider.cpp; sourceTree = SOURCE_ROOT; };
		AA8869580D2BDBF900C08A49 /* OgreCEGUITexture.cpp */ = {isa = PBXFileReference; fileEncoding = 30; lastKnownFileType = sourcecode.cpp.cpp; name = OgreCEGUITexture.cpp; path = src/OgreCEGUITexture.cpp; sourceTree = SOURCE_ROOT; };
/* End PBXFileReference section */

/* Begin PBXFrameworksBuildPhase section */
		000E29670B39E162004EA2DF /* Frameworks */ = {
			isa = PBXFrameworksBuildPhase;
			buildActionMask = 2147483647;
			files = (
				000E29720B39E19C004EA2DF /* Ogre.framework in Frameworks */,
				0053F5460BB5908200328359 /* libOIS.a in Frameworks */,
				AA5FCC4C0D2C3B3E007F8E88 /* IOKit.framework in Frameworks */,
			);
			runOnlyForDeploymentPostprocessing = 0;
		};
		AA88679B0D2BDAD800C08A49 /* Frameworks */ = {
			isa = PBXFrameworksBuildPhase;
			buildActionMask = 2147483647;
			files = (
				AA8869450D2BDB3500C08A49 /* CEGUI.framework in Frameworks */,
				AA8869840D2BDF3200C08A49 /* Ogre.framework in Frameworks */,
			);
			runOnlyForDeploymentPostprocessing = 0;
		};
/* End PBXFrameworksBuildPhase section */

/* Begin PBXGroup section */
		000E24DE0B3924F0004EA2DF = {
			isa = PBXGroup;
			children = (
				AA88694F0D2BDB9900C08A49 /* OgreCEGUIRenderer */,
				000E251D0B392AF8004EA2DF /* Ogre Samples */,
				000E25320B392C4E004EA2DF /* Resources */,
				000E251E0B392B05004EA2DF /* Common Headers */,
				000E25220B392B6F004EA2DF /* External Frameworks and Libraries */,
				000E252C0B392BE5004EA2DF /* Products */,
			);
			sourceTree = "<group>";
		};
		000E25180B392A1E004EA2DF /* Terrain */ = {
			isa = PBXGroup;
			children = (
				000E297A0B39E1B8004EA2DF /* Terrain.h */,
				000E297B0B39E1C5004EA2DF /* Terrain.cpp */,
				000E29870B39E350004EA2DF /* terrain.cfg */,
			);
			name = Terrain;
			sourceTree = "<group>";
		};
		000E251D0B392AF8004EA2DF /* Ogre Samples */ = {
			isa = PBXGroup;
			children = (
				000E25180B392A1E004EA2DF /* Terrain */,
			);
			name = "Ogre Samples";
			sourceTree = "<group>";
		};
		000E251E0B392B05004EA2DF /* Common Headers */ = {
			isa = PBXGroup;
			children = (
				000E25380B392D12004EA2DF /* ExampleApplication.h */,
				000E25390B392D12004EA2DF /* ExampleFrameListener.h */,
				000E253A0B392D12004EA2DF /* ExampleLoadingBar.h */,
			);
			name = "Common Headers";
			sourceTree = "<group>";
		};
		000E25220B392B6F004EA2DF /* External Frameworks and Libraries */ = {
			isa = PBXGroup;
			children = (
				AA5FCC2F0D2C3B3E007F8E88 /* IOKit.framework */,
				0062EE270B4ACACE0076F733 /* CEGUI.framework */,
				000E25230B392BAA004EA2DF /* Ogre.framework */,
				0053F52E0BB5908100328359 /* libOIS.a */,
			);
			name = "External Frameworks and Libraries";
			sourceTree = "<group>";
		};
		000E252C0B392BE5004EA2DF /* Products */ = {
			isa = PBXGroup;
			children = (
				000E29690B39E162004EA2DF /* Terrain.app */,
				AA88679D0D2BDAD800C08A49 /* OgreCEGUIRenderer.framework */,
			);
			name = Products;
			sourceTree = "<group>";
		};
		000E25320B392C4E004EA2DF /* Resources */ = {
			isa = PBXGroup;
			children = (
				000E263E0B393B0A004EA2DF /* media.cfg */,
				000E263F0B393B0A004EA2DF /* plugins.cfg */,
				000E26400B393B0A004EA2DF /* resources.cfg */,
				000E296B0B39E162004EA2DF /* Terrain-Info.plist */,
			);
			name = Resources;
			sourceTree = "<group>";
		};
		AA88694F0D2BDB9900C08A49 /* OgreCEGUIRenderer */ = {
			isa = PBXGroup;
			children = (
				AA8869560D2BDBF900C08A49 /* OgreCEGUIRenderer.cpp */,
				AA8869570D2BDBF900C08A49 /* OgreCEGUIResourceProvider.cpp */,
				AA8869580D2BDBF900C08A49 /* OgreCEGUITexture.cpp */,
				AA8869500D2BDBDB00C08A49 /* OgreCEGUIRenderer.h */,
				AA8869510D2BDBDB00C08A49 /* OgreCEGUIResourceProvider.h */,
				AA8869520D2BDBDB00C08A49 /* OgreCEGUITexture.h */,
			);
			name = OgreCEGUIRenderer;
			sourceTree = "<group>";
		};
/* End PBXGroup section */

/* Begin PBXHeadersBuildPhase section */
		AA8867980D2BDAD800C08A49 /* Headers */ = {
			isa = PBXHeadersBuildPhase;
			buildActionMask = 2147483647;
			files = (
				AA8869530D2BDBDB00C08A49 /* OgreCEGUIRenderer.h in Headers */,
				AA8869540D2BDBDB00C08A49 /* OgreCEGUIResourceProvider.h in Headers */,
				AA8869550D2BDBDB00C08A49 /* OgreCEGUITexture.h in Headers */,
			);
			runOnlyForDeploymentPostprocessing = 0;
		};
/* End PBXHeadersBuildPhase section */

/* Begin PBXNativeTarget section */
		000E29680B39E162004EA2DF /* Terrain */ = {
			isa = PBXNativeTarget;
			buildConfigurationList = 000E296C0B39E164004EA2DF /* Build configuration list for PBXNativeTarget "Terrain" */;
			buildPhases = (
				000E29650B39E162004EA2DF /* Resources */,
				000E29660B39E162004EA2DF /* Sources */,
				000E29670B39E162004EA2DF /* Frameworks */,
				AAD4E9C40C80C91400AE4E5D /* Symlink shared libs */,
			);
			buildRules = (
			);
			dependencies = (
			);
			name = Terrain;
			productName = Terrain;
			productReference = 000E29690B39E162004EA2DF /* Terrain.app */;
			productType = "com.apple.product-type.application";
		};
		AA88679C0D2BDAD800C08A49 /* OgreCEGUIRenderer */ = {
			isa = PBXNativeTarget;
			buildConfigurationList = AA8867A00D2BDAD900C08A49 /* Build configuration list for PBXNativeTarget "OgreCEGUIRenderer" */;
			buildPhases = (
				AA8867980D2BDAD800C08A49 /* Headers */,
				AA8867990D2BDAD800C08A49 /* Resources */,
				AA88679A0D2BDAD800C08A49 /* Sources */,
				AA88679B0D2BDAD800C08A49 /* Frameworks */,
			);
			buildRules = (
			);
			dependencies = (
			);
			name = OgreCEGUIRenderer;
			productName = OgreCEGUIRenderer;
			productReference = AA88679D0D2BDAD800C08A49 /* OgreCEGUIRenderer.framework */;
			productType = "com.apple.product-type.framework";
		};
/* End PBXNativeTarget section */

/* Begin PBXProject section */
		000E24E00B3924F0004EA2DF /* Project object */ = {
			isa = PBXProject;
			buildConfigurationList = 000E24E10B3924F0004EA2DF /* Build configuration list for PBXProject "Arctic-Explorer" */;
			compatibilityVersion = "Xcode 2.4";
			hasScannedForEncodings = 0;
			mainGroup = 000E24DE0B3924F0004EA2DF;
			productRefGroup = 000E252C0B392BE5004EA2DF /* Products */;
			projectDirPath = "";
			projectRoot = "";
			targets = (
				000E29F70B39E7C5004EA2DF /* Ogre Samples */,
				000E29680B39E162004EA2DF /* Terrain */,
				AA88679C0D2BDAD800C08A49 /* OgreCEGUIRenderer */,
			);
		};
/* End PBXProject section */

/* Begin PBXResourcesBuildPhase section */
		000E29650B39E162004EA2DF /* Resources */ = {
			isa = PBXResourcesBuildPhase;
			buildActionMask = 2147483647;
			files = (
				000E29740B39E1A9004EA2DF /* media.cfg in Resources */,
				000E29750B39E1A9004EA2DF /* plugins.cfg in Resources */,
				000E29760B39E1A9004EA2DF /* resources.cfg in Resources */,
			);
			runOnlyForDeploymentPostprocessing = 0;
		};
		AA8867990D2BDAD800C08A49 /* Resources */ = {
			isa = PBXResourcesBuildPhase;
			buildActionMask = 2147483647;
			files = (
			);
			runOnlyForDeploymentPostprocessing = 0;
		};
/* End PBXResourcesBuildPhase section */

/* Begin PBXShellScriptBuildPhase section */
		AAD4E9C40C80C91400AE4E5D /* Symlink shared libs */ = {
			isa = PBXShellScriptBuildPhase;
			buildActionMask = 2147483647;
			files = (
			);
			inputPaths = (
			);
			name = "Symlink shared libs";
			outputPaths = (
			);
			runOnlyForDeploymentPostprocessing = 0;
			shellPath = /bin/sh;
			shellScript = "# Symlink Ogre.framework from shared local build into Foo.app/Contents/Frameworks\n# This allows us to run the frameworks as if they are local to the .app without duplicating them\ncd $TARGET_BUILD_DIR/$PRODUCT_NAME.app/Contents/\nmkdir -p Frameworks\ncd Frameworks\nln -s -f ../../../../../Dependencies/Ogre.framework ./\nln -s -f ../../OgreCEGUIRenderer.framework ./\n# Now link dependency frameworks (not all samples need these)\nln -s -f ../../../../../Dependencies/CEGUI.framework ./\nln -s -f ../../../../../Dependencies/Cg.framework ./\n";
		};
/* End PBXShellScriptBuildPhase section */

/* Begin PBXSourcesBuildPhase section */
		000E29660B39E162004EA2DF /* Sources */ = {
			isa = PBXSourcesBuildPhase;
			buildActionMask = 2147483647;
			files = (
				000E297C0B39E1C5004EA2DF /* Terrain.cpp in Sources */,
			);
			runOnlyForDeploymentPostprocessing = 0;
		};
		AA88679A0D2BDAD800C08A49 /* Sources */ = {
			isa = PBXSourcesBuildPhase;
			buildActionMask = 2147483647;
			files = (
				AA8869590D2BDBF900C08A49 /* OgreCEGUIRenderer.cpp in Sources */,
				AA88695A0D2BDBF900C08A49 /* OgreCEGUIResourceProvider.cpp in Sources */,
				AA88695B0D2BDBF900C08A49 /* OgreCEGUITexture.cpp in Sources */,
			);
			runOnlyForDeploymentPostprocessing = 0;
		};
/* End PBXSourcesBuildPhase section */

/* Begin PBXTargetDependency section */
		000E2A010B39E7D9004EA2DF /* PBXTargetDependency */ = {
			isa = PBXTargetDependency;
			target = 000E29680B39E162004EA2DF /* Terrain */;
			targetProxy = 000E2A000B39E7D9004EA2DF /* PBXContainerItemProxy */;
		};
		AA8867B70D2BDB1200C08A49 /* PBXTargetDependency */ = {
			isa = PBXTargetDependency;
			target = AA88679C0D2BDAD800C08A49 /* OgreCEGUIRenderer */;
			targetProxy = AA8867B60D2BDB1200C08A49 /* PBXContainerItemProxy */;
		};
/* End PBXTargetDependency section */

/* Begin XCBuildConfiguration section */
		000E24E20B3924F0004EA2DF /* Debug */ = {
			isa = XCBuildConfiguration;
			buildSettings = {
				ARCHS = i386;
				COPY_PHASE_STRIP = NO;
				FRAMEWORK_SEARCH_PATHS = ../Dependencies;
				HEADER_SEARCH_PATHS = (
					"../Dependencies/Ogre.framework/Headers/**",
					../Dependencies/include,
				);
				LIBRARY_SEARCH_PATHS = ../Dependencies/lib/Debug;
				SDKROOT = /Developer/SDKs/MacOSX10.4u.sdk;
				USER_HEADER_SEARCH_PATHS = include;
			};
			name = Debug;
		};
		000E24E30B3924F0004EA2DF /* Release */ = {
			isa = XCBuildConfiguration;
			buildSettings = {
				ARCHS = i386;
				COPY_PHASE_STRIP = YES;
				FRAMEWORK_SEARCH_PATHS = ../Dependencies;
				HEADER_SEARCH_PATHS = (
					"../Dependencies/Ogre.framework/Headers/**",
					../Dependencies/include,
				);
				LIBRARY_SEARCH_PATHS = ../Dependencies/lib/Release;
				SDKROOT = /Developer/SDKs/MacOSX10.4u.sdk;
				USER_HEADER_SEARCH_PATHS = include;
			};
			name = Release;
		};
		000E296D0B39E164004EA2DF /* Debug */ = {
			isa = XCBuildConfiguration;
			buildSettings = {
				COPY_PHASE_STRIP = NO;
				GCC_DYNAMIC_NO_PIC = NO;
				GCC_ENABLE_FIX_AND_CONTINUE = YES;
				GCC_GENERATE_DEBUGGING_SYMBOLS = YES;
				GCC_MODEL_TUNING = G5;
				GCC_OPTIMIZATION_LEVEL = 0;
				GCC_PRECOMPILE_PREFIX_HEADER = YES;
				GCC_PREFIX_HEADER = "$(SYSTEM_LIBRARY_DIR)/Frameworks/Carbon.framework/Headers/Carbon.h";
				INFOPLIST_FILE = "./plist/Terrain-Info.plist";
				INSTALL_PATH = "$(HOME)/Applications";
				LIBRARY_SEARCH_PATHS = (
					"$(inherited)",
					"$(LIBRARY_SEARCH_PATHS_QUOTED_2)",
					"$(LIBRARY_SEARCH_PATHS_QUOTED_1)",
				);
				LIBRARY_SEARCH_PATHS_QUOTED_1 = "\"$(SRCROOT)/../../../SDKs/ois/Mac/XCode-2.2/build/Development\"";
				LIBRARY_SEARCH_PATHS_QUOTED_2 = "\"$(SRCROOT)/../Dependencies/lib/Debug\"";
				OTHER_LDFLAGS = (
					"-framework",
					Carbon,
				);
				PREBINDING = NO;
				PRODUCT_NAME = Terrain;
				WRAPPER_EXTENSION = app;
				ZERO_LINK = NO;
			};
			name = Debug;
		};
		000E296E0B39E164004EA2DF /* Release */ = {
			isa = XCBuildConfiguration;
			buildSettings = {
				COPY_PHASE_STRIP = YES;
				GCC_ENABLE_FIX_AND_CONTINUE = NO;
				GCC_GENERATE_DEBUGGING_SYMBOLS = NO;
				GCC_MODEL_TUNING = G5;
				GCC_PRECOMPILE_PREFIX_HEADER = YES;
				GCC_PREFIX_HEADER = "$(SYSTEM_LIBRARY_DIR)/Frameworks/Carbon.framework/Headers/Carbon.h";
				INFOPLIST_FILE = "./plist/Terrain-Info.plist";
				INSTALL_PATH = "$(HOME)/Applications";
				LIBRARY_SEARCH_PATHS = (
					"$(inherited)",
					"$(LIBRARY_SEARCH_PATHS_QUOTED_2)",
					"$(LIBRARY_SEARCH_PATHS_QUOTED_2)",
				);
				LIBRARY_SEARCH_PATHS_QUOTED_1 = "\"$(SRCROOT)/../Dependencies/lib/Release\"";
				LIBRARY_SEARCH_PATHS_QUOTED_2 = "\"$(SRCROOT)/../../../SDKs/ois/Mac/XCode-2.2/build/Development\"";
				OTHER_LDFLAGS = (
					"-framework",
					Carbon,
				);
				PREBINDING = NO;
				PRODUCT_NAME = Terrain;
				WRAPPER_EXTENSION = app;
				ZERO_LINK = NO;
			};
			name = Release;
		};
		000E2A310B39E7F8004EA2DF /* Debug */ = {
			isa = XCBuildConfiguration;
			buildSettings = {
				COPY_PHASE_STRIP = NO;
				GCC_DYNAMIC_NO_PIC = NO;
				GCC_GENERATE_DEBUGGING_SYMBOLS = YES;
				GCC_OPTIMIZATION_LEVEL = 0;
				PRODUCT_NAME = "Ogre Samples";
			};
			name = Debug;
		};
		000E2A320B39E7F8004EA2DF /* Release */ = {
			isa = XCBuildConfiguration;
			buildSettings = {
				COPY_PHASE_STRIP = YES;
				GCC_ENABLE_FIX_AND_CONTINUE = NO;
				GCC_GENERATE_DEBUGGING_SYMBOLS = NO;
				PRODUCT_NAME = "Ogre Samples";
				ZERO_LINK = NO;
			};
			name = Release;
		};
		AA8867A10D2BDAD900C08A49 /* Debug */ = {
			isa = XCBuildConfiguration;
			buildSettings = {
				COPY_PHASE_STRIP = NO;
				DYLIB_COMPATIBILITY_VERSION = 1;
				DYLIB_CURRENT_VERSION = 1;
				FRAMEWORK_SEARCH_PATHS = ../Dependencies;
				FRAMEWORK_VERSION = A;
				GCC_DYNAMIC_NO_PIC = NO;
				GCC_ENABLE_FIX_AND_CONTINUE = YES;
				GCC_GENERATE_DEBUGGING_SYMBOLS = YES;
				GCC_MODEL_TUNING = G5;
				GCC_OPTIMIZATION_LEVEL = 0;
				GCC_PRECOMPILE_PREFIX_HEADER = YES;
				GCC_PREFIX_HEADER = "$(SYSTEM_LIBRARY_DIR)/Frameworks/Carbon.framework/Headers/Carbon.h";
				HEADER_SEARCH_PATHS = (
					"../Dependencies/Ogre.framework/Headers/**",
					../Dependencies/include,
					"../Dependencies/CEGUI.framework/Headers/**",
				);
				INFOPLIST_FILE = "./plist/OgreCEGUIRenderer-Info.plist";
				INSTALL_PATH = "@executable_path/../Frameworks";
				OTHER_LDFLAGS = (
					"-framework",
					Carbon,
				);
				PREBINDING = NO;
				PRODUCT_NAME = OgreCEGUIRenderer;
				ZERO_LINK = YES;
			};
			name = Debug;
		};
		AA8867A20D2BDAD900C08A49 /* Release */ = {
			isa = XCBuildConfiguration;
			buildSettings = {
				COPY_PHASE_STRIP = YES;
				DYLIB_COMPATIBILITY_VERSION = 1;
				DYLIB_CURRENT_VERSION = 1;
				FRAMEWORK_SEARCH_PATHS = "$(inherited)";
				FRAMEWORK_VERSION = A;
				GCC_ENABLE_FIX_AND_CONTINUE = NO;
				GCC_GENERATE_DEBUGGING_SYMBOLS = NO;
				GCC_MODEL_TUNING = G5;
				GCC_PRECOMPILE_PREFIX_HEADER = YES;
				GCC_PREFIX_HEADER = "$(SYSTEM_LIBRARY_DIR)/Frameworks/Carbon.framework/Headers/Carbon.h";
				HEADER_SEARCH_PATHS = (
					"../Dependencies/Ogre.framework/Headers/**",
					../Dependencies/include,
					"../Dependencies/CEGUI.framework/Headers/**",
				);
				INFOPLIST_FILE = "./plist/OgreCEGUIRenderer-Info.plist";
				INSTALL_PATH = "@executable_path/../Frameworks";
				OTHER_LDFLAGS = (
					"-framework",
					Carbon,
				);
				PREBINDING = NO;
				PRODUCT_NAME = OgreCEGUIRenderer;
				STRIP_INSTALLED_PRODUCT = YES;
				ZERO_LINK = NO;
			};
			name = Release;
		};
/* End XCBuildConfiguration section */

/* Begin XCConfigurationList section */
		000E24E10B3924F0004EA2DF /* Build configuration list for PBXProject "Arctic-Explorer" */ = {
			isa = XCConfigurationList;
			buildConfigurations = (
				000E24E20B3924F0004EA2DF /* Debug */,
				000E24E30B3924F0004EA2DF /* Release */,
			);
			defaultConfigurationIsVisible = 0;
			defaultConfigurationName = Release;
		};
		000E296C0B39E164004EA2DF /* Build configuration list for PBXNativeTarget "Terrain" */ = {
			isa = XCConfigurationList;
			buildConfigurations = (
				000E296D0B39E164004EA2DF /* Debug */,
				000E296E0B39E164004EA2DF /* Release */,
			);
			defaultConfigurationIsVisible = 0;
			defaultConfigurationName = Release;
		};
		000E2A300B39E7F8004EA2DF /* Build configuration list for PBXAggregateTarget "Ogre Samples" */ = {
			isa = XCConfigurationList;
			buildConfigurations = (
				000E2A310B39E7F8004EA2DF /* Debug */,
				000E2A320B39E7F8004EA2DF /* Release */,
			);
			defaultConfigurationIsVisible = 0;
			defaultConfigurationName = Release;
		};
		AA8867A00D2BDAD900C08A49 /* Build configuration list for PBXNativeTarget "OgreCEGUIRenderer" */ = {
			isa = XCConfigurationList;
			buildConfigurations = (
				AA8867A10D2BDAD900C08A49 /* Debug */,
				AA8867A20D2BDAD900C08A49 /* Release */,
			);
			defaultConfigurationIsVisible = 0;
			defaultConfigurationName = Release;
		};
/* End XCConfigurationList section */
	};
	rootObject = 000E24E00B3924F0004EA2DF /* Project object */;
}
